{
  "pins" : [
    {
      "identity" : "swift-asn1",
      "kind" : "remoteSourceControl",
      "location" : "https://github.com/apple/swift-asn1.git",
      "state" : {
        "revision" : "df5d2fcd22e3f480e3ef85bf23e277a4a0ef524d",
        "version" : "1.2.0"
      }
    }
  ],
  "version" : 2
}
