{
  "pins" : [
    {
      "identity" : "applovin-max-swift-package",
      "kind" : "remoteSourceControl",
      "location" : "https://github.com/AppLovin/AppLovin-MAX-Swift-Package.git",
      "state" : {
        "revision" : "c184b428415a05dcad488c6834e0bd02fe1d8f3e",
        "version" : "13.3.1"
      }
    },
    {
      "identity" : "prebid-mobile-ios",
      "kind" : "remoteSourceControl",
      "location" : "https://github.com/prebid/prebid-mobile-ios.git",
      "state" : {
        "revision" : "4f96890f9f8b38db6abd92044a928a709d5458d2",
        "version" : "3.3.1"
      }
    },
    {
      "identity" : "swift-asn1",
      "kind" : "remoteSourceControl",
      "location" : "https://github.com/apple/swift-asn1.git",
      "state" : {
        "revision" : "df5d2fcd22e3f480e3ef85bf23e277a4a0ef524d",
        "version" : "1.2.0"
      }
    },
    {
      "identity" : "swift-package-manager-google-mobile-ads",
      "kind" : "remoteSourceControl",
      "location" : "https://github.com/googleads/swift-package-manager-google-mobile-ads.git",
      "state" : {
        "revision" : "e2b1c31cdf11cb4b57b4e70ae4c313d4e48c444a",
        "version" : "13.3.0"
      }
    },
    {
      "identity" : "swift-package-manager-google-user-messaging-platform",
      "kind" : "remoteSourceControl",
      "location" : "https://github.com/googleads/swift-package-manager-google-user-messaging-platform.git",
      "state" : {
        "revision" : "69b53394c5258b3fe688e625a998047d1f393497",
        "version" : "3.0.0"
      }
    }
  ],
  "version" : 2
}
