// !$*UTF8*$!
{
	archiveVersion = 1;
	classes = {
	};
	objectVersion = 56;
	objects = {

/* Begin PBXBuildFile section */
		E291757C29919C3900500573 /* AppUID2Client.swift in Sources */ = {isa = PBXBuildFile; fileRef = E291757B29919C3900500573 /* AppUID2Client.swift */; };
		E291757F2991B19F00500573 /* UID2ServerCredentials.swift in Sources */ = {isa = PBXBuildFile; fileRef = E291757E2991B19F00500573 /* UID2ServerCredentials.swift */; };
		E29175812991B22200500573 /* UID2ServerCredentials.json in Resources */ = {isa = PBXBuildFile; fileRef = E29175802991B22200500573 /* UID2ServerCredentials.json */; };
		E29175832991B74900500573 /* GenerateTokenResponse.swift in Sources */ = {isa = PBXBuildFile; fileRef = E29175822991B74900500573 /* GenerateTokenResponse.swift */; };
		E29175852992B15C00500573 /* UID2ClientError.swift in Sources */ = {isa = PBXBuildFile; fileRef = E29175842992B15C00500573 /* UID2ClientError.swift */; };
		E2917587299435DC00500573 /* IdentityPackageNotificationsView.swift in Sources */ = {isa = PBXBuildFile; fileRef = E2917586299435DC00500573 /* IdentityPackageNotificationsView.swift */; };
		E2E19001298833A500FFE8C3 /* UID2SDKDevelopmentAppApp.swift in Sources */ = {isa = PBXBuildFile; fileRef = E2E19000298833A500FFE8C3 /* UID2SDKDevelopmentAppApp.swift */; };
		E2E19003298833A500FFE8C3 /* RootView.swift in Sources */ = {isa = PBXBuildFile; fileRef = E2E19002298833A500FFE8C3 /* RootView.swift */; };
		E2E19005298833A600FFE8C3 /* Assets.xcassets in Resources */ = {isa = PBXBuildFile; fileRef = E2E19004298833A600FFE8C3 /* Assets.xcassets */; };
		E2E19008298833A600FFE8C3 /* Preview Assets.xcassets in Resources */ = {isa = PBXBuildFile; fileRef = E2E19007298833A600FFE8C3 /* Preview Assets.xcassets */; };
		E2E190122988359000FFE8C3 /* UID2 in Frameworks */ = {isa = PBXBuildFile; productRef = E2E190112988359000FFE8C3 /* UID2 */; };
		E2E1901429883B4600FFE8C3 /* RootViewModel.swift in Sources */ = {isa = PBXBuildFile; fileRef = E2E1901329883B4600FFE8C3 /* RootViewModel.swift */; };
		E2E190162988566E00FFE8C3 /* Localizable.strings in Resources */ = {isa = PBXBuildFile; fileRef = E2E190152988566E00FFE8C3 /* Localizable.strings */; };
		E2E190182988574500FFE8C3 /* ErrorListView.swift in Sources */ = {isa = PBXBuildFile; fileRef = E2E190172988574500FFE8C3 /* ErrorListView.swift */; };
		E2E1901A29885C8600FFE8C3 /* IdentityPackageListView.swift in Sources */ = {isa = PBXBuildFile; fileRef = E2E1901929885C8600FFE8C3 /* IdentityPackageListView.swift */; };
		E2E1901C29885E6600FFE8C3 /* IdentityPackageView.swift in Sources */ = {isa = PBXBuildFile; fileRef = E2E1901B29885E6600FFE8C3 /* IdentityPackageView.swift */; };
/* End PBXBuildFile section */

/* Begin PBXFileReference section */
		E291757A298C1CB900500573 /* Info.plist */ = {isa = PBXFileReference; lastKnownFileType = text.plist; path = Info.plist; sourceTree = "<group>"; };
		E291757B29919C3900500573 /* AppUID2Client.swift */ = {isa = PBXFileReference; lastKnownFileType = sourcecode.swift; path = AppUID2Client.swift; sourceTree = "<group>"; };
		E291757E2991B19F00500573 /* UID2ServerCredentials.swift */ = {isa = PBXFileReference; lastKnownFileType = sourcecode.swift; path = UID2ServerCredentials.swift; sourceTree = "<group>"; };
		E29175802991B22200500573 /* UID2ServerCredentials.json */ = {isa = PBXFileReference; lastKnownFileType = text.json; path = UID2ServerCredentials.json; sourceTree = "<group>"; };
		E29175822991B74900500573 /* GenerateTokenResponse.swift */ = {isa = PBXFileReference; lastKnownFileType = sourcecode.swift; path = GenerateTokenResponse.swift; sourceTree = "<group>"; };
		E29175842992B15C00500573 /* UID2ClientError.swift */ = {isa = PBXFileReference; lastKnownFileType = sourcecode.swift; path = UID2ClientError.swift; sourceTree = "<group>"; };
		E2917586299435DC00500573 /* IdentityPackageNotificationsView.swift */ = {isa = PBXFileReference; lastKnownFileType = sourcecode.swift; path = IdentityPackageNotificationsView.swift; sourceTree = "<group>"; };
		E2E18FFD298833A500FFE8C3 /* UID2SDKDevelopmentApp.app */ = {isa = PBXFileReference; explicitFileType = wrapper.application; includeInIndex = 0; path = UID2SDKDevelopmentApp.app; sourceTree = BUILT_PRODUCTS_DIR; };
		E2E19000298833A500FFE8C3 /* UID2SDKDevelopmentAppApp.swift */ = {isa = PBXFileReference; lastKnownFileType = sourcecode.swift; path = UID2SDKDevelopmentAppApp.swift; sourceTree = "<group>"; };
		E2E19002298833A500FFE8C3 /* RootView.swift */ = {isa = PBXFileReference; lastKnownFileType = sourcecode.swift; path = RootView.swift; sourceTree = "<group>"; };
		E2E19004298833A600FFE8C3 /* Assets.xcassets */ = {isa = PBXFileReference; lastKnownFileType = folder.assetcatalog; path = Assets.xcassets; sourceTree = "<group>"; };
		E2E19007298833A600FFE8C3 /* Preview Assets.xcassets */ = {isa = PBXFileReference; lastKnownFileType = folder.assetcatalog; path = "Preview Assets.xcassets"; sourceTree = "<group>"; };
		E2E1900F2988346700FFE8C3 /* uid2-ios-sdk */ = {isa = PBXFileReference; lastKnownFileType = wrapper; name = "uid2-ios-sdk"; path = ../..; sourceTree = "<group>"; };
		E2E1901329883B4600FFE8C3 /* RootViewModel.swift */ = {isa = PBXFileReference; lastKnownFileType = sourcecode.swift; path = RootViewModel.swift; sourceTree = "<group>"; };
		E2E190152988566E00FFE8C3 /* Localizable.strings */ = {isa = PBXFileReference; lastKnownFileType = text.plist.strings; path = Localizable.strings; sourceTree = "<group>"; };
		E2E190172988574500FFE8C3 /* ErrorListView.swift */ = {isa = PBXFileReference; lastKnownFileType = sourcecode.swift; path = ErrorListView.swift; sourceTree = "<group>"; };
		E2E1901929885C8600FFE8C3 /* IdentityPackageListView.swift */ = {isa = PBXFileReference; lastKnownFileType = sourcecode.swift; path = IdentityPackageListView.swift; sourceTree = "<group>"; };
		E2E1901B29885E6600FFE8C3 /* IdentityPackageView.swift */ = {isa = PBXFileReference; lastKnownFileType = sourcecode.swift; path = IdentityPackageView.swift; sourceTree = "<group>"; };
/* End PBXFileReference section */

/* Begin PBXFrameworksBuildPhase section */
		E2E18FFA298833A500FFE8C3 /* Frameworks */ = {
			isa = PBXFrameworksBuildPhase;
			buildActionMask = 2147483647;
			files = (
				E2E190122988359000FFE8C3 /* UID2 in Frameworks */,
			);
			runOnlyForDeploymentPostprocessing = 0;
		};
/* End PBXFrameworksBuildPhase section */

/* Begin PBXGroup section */
		E291757D2991B18100500573 /* Networking */ = {
			isa = PBXGroup;
			children = (
				E291757B29919C3900500573 /* AppUID2Client.swift */,
				E291757E2991B19F00500573 /* UID2ServerCredentials.swift */,
				E29175802991B22200500573 /* UID2ServerCredentials.json */,
				E29175822991B74900500573 /* GenerateTokenResponse.swift */,
				E29175842992B15C00500573 /* UID2ClientError.swift */,
			);
			path = Networking;
			sourceTree = "<group>";
		};
		E2E18FF4298833A400FFE8C3 = {
			isa = PBXGroup;
			children = (
				E2E1900E2988346700FFE8C3 /* Packages */,
				E2E18FFF298833A500FFE8C3 /* UID2SDKDevelopmentApp */,
				E2E18FFE298833A500FFE8C3 /* Products */,
				E2E190102988359000FFE8C3 /* Frameworks */,
			);
			sourceTree = "<group>";
		};
		E2E18FFE298833A500FFE8C3 /* Products */ = {
			isa = PBXGroup;
			children = (
				E2E18FFD298833A500FFE8C3 /* UID2SDKDevelopmentApp.app */,
			);
			name = Products;
			sourceTree = "<group>";
		};
		E2E18FFF298833A500FFE8C3 /* UID2SDKDevelopmentApp */ = {
			isa = PBXGroup;
			children = (
				E291757D2991B18100500573 /* Networking */,
				E291757A298C1CB900500573 /* Info.plist */,
				E2E19000298833A500FFE8C3 /* UID2SDKDevelopmentAppApp.swift */,
				E2E19002298833A500FFE8C3 /* RootView.swift */,
				E2E1901329883B4600FFE8C3 /* RootViewModel.swift */,
				E2E1901929885C8600FFE8C3 /* IdentityPackageListView.swift */,
				E2E1901B29885E6600FFE8C3 /* IdentityPackageView.swift */,
				E2917586299435DC00500573 /* IdentityPackageNotificationsView.swift */,
				E2E190172988574500FFE8C3 /* ErrorListView.swift */,
				E2E19004298833A600FFE8C3 /* Assets.xcassets */,
				E2E19006298833A600FFE8C3 /* Preview Content */,
				E2E190152988566E00FFE8C3 /* Localizable.strings */,
			);
			path = UID2SDKDevelopmentApp;
			sourceTree = "<group>";
		};
		E2E19006298833A600FFE8C3 /* Preview Content */ = {
			isa = PBXGroup;
			children = (
				E2E19007298833A600FFE8C3 /* Preview Assets.xcassets */,
			);
			path = "Preview Content";
			sourceTree = "<group>";
		};
		E2E1900E2988346700FFE8C3 /* Packages */ = {
			isa = PBXGroup;
			children = (
				E2E1900F2988346700FFE8C3 /* uid2-ios-sdk */,
			);
			name = Packages;
			sourceTree = "<group>";
		};
		E2E190102988359000FFE8C3 /* Frameworks */ = {
			isa = PBXGroup;
			children = (
			);
			name = Frameworks;
			sourceTree = "<group>";
		};
/* End PBXGroup section */

/* Begin PBXNativeTarget section */
		E2E18FFC298833A500FFE8C3 /* UID2SDKDevelopmentApp */ = {
			isa = PBXNativeTarget;
			buildConfigurationList = E2E1900B298833A600FFE8C3 /* Build configuration list for PBXNativeTarget "UID2SDKDevelopmentApp" */;
			buildPhases = (
				E2E18FF9298833A500FFE8C3 /* Sources */,
				E2E18FFA298833A500FFE8C3 /* Frameworks */,
				E2E18FFB298833A500FFE8C3 /* Resources */,
				E2E1901D2989716500FFE8C3 /* ShellScript */,
			);
			buildRules = (
			);
			dependencies = (
			);
			name = UID2SDKDevelopmentApp;
			packageProductDependencies = (
				E2E190112988359000FFE8C3 /* UID2 */,
			);
			productName = UID2SDKDevelopmentApp;
			productReference = E2E18FFD298833A500FFE8C3 /* UID2SDKDevelopmentApp.app */;
			productType = "com.apple.product-type.application";
		};
/* End PBXNativeTarget section */

/* Begin PBXProject section */
		E2E18FF5298833A400FFE8C3 /* Project object */ = {
			isa = PBXProject;
			attributes = {
				BuildIndependentTargetsInParallel = 1;
				LastSwiftUpdateCheck = 1420;
				LastUpgradeCheck = 1420;
				TargetAttributes = {
					E2E18FFC298833A500FFE8C3 = {
						CreatedOnToolsVersion = 14.2;
					};
				};
			};
			buildConfigurationList = E2E18FF8298833A400FFE8C3 /* Build configuration list for PBXProject "UID2SDKDevelopmentApp" */;
			compatibilityVersion = "Xcode 14.0";
			developmentRegion = en;
			hasScannedForEncodings = 0;
			knownRegions = (
				en,
				Base,
			);
			mainGroup = E2E18FF4298833A400FFE8C3;
			productRefGroup = E2E18FFE298833A500FFE8C3 /* Products */;
			projectDirPath = "";
			projectRoot = "";
			targets = (
				E2E18FFC298833A500FFE8C3 /* UID2SDKDevelopmentApp */,
			);
		};
/* End PBXProject section */

/* Begin PBXResourcesBuildPhase section */
		E2E18FFB298833A500FFE8C3 /* Resources */ = {
			isa = PBXResourcesBuildPhase;
			buildActionMask = 2147483647;
			files = (
				E2E19008298833A600FFE8C3 /* Preview Assets.xcassets in Resources */,
				E2E190162988566E00FFE8C3 /* Localizable.strings in Resources */,
				E2E19005298833A600FFE8C3 /* Assets.xcassets in Resources */,
				E29175812991B22200500573 /* UID2ServerCredentials.json in Resources */,
			);
			runOnlyForDeploymentPostprocessing = 0;
		};
/* End PBXResourcesBuildPhase section */

/* Begin PBXShellScriptBuildPhase section */
		E2E1901D2989716500FFE8C3 /* ShellScript */ = {
			isa = PBXShellScriptBuildPhase;
			buildActionMask = 2147483647;
			files = (
			);
			inputFileListPaths = (
			);
			inputPaths = (
			);
			outputFileListPaths = (
			);
			outputPaths = (
			);
			runOnlyForDeploymentPostprocessing = 0;
			shellPath = /bin/sh;
			shellScript = "export PATH=\"$PATH:/opt/homebrew/bin\"\nif which swiftlint > /dev/null; then\n  swiftlint  --config ../../.swiftlint.yml\nelse\n  echo \"warning: SwiftLint not installed, download from https://github.com/realm/SwiftLint\"\nfi\n";
		};
/* End PBXShellScriptBuildPhase section */

/* Begin PBXSourcesBuildPhase section */
		E2E18FF9298833A500FFE8C3 /* Sources */ = {
			isa = PBXSourcesBuildPhase;
			buildActionMask = 2147483647;
			files = (
				E2E19003298833A500FFE8C3 /* RootView.swift in Sources */,
				E291757C29919C3900500573 /* AppUID2Client.swift in Sources */,
				E2E1901429883B4600FFE8C3 /* RootViewModel.swift in Sources */,
				E2E1901C29885E6600FFE8C3 /* IdentityPackageView.swift in Sources */,
				E2E19001298833A500FFE8C3 /* UID2SDKDevelopmentAppApp.swift in Sources */,
				E2E1901A29885C8600FFE8C3 /* IdentityPackageListView.swift in Sources */,
				E2E190182988574500FFE8C3 /* ErrorListView.swift in Sources */,
				E2917587299435DC00500573 /* IdentityPackageNotificationsView.swift in Sources */,
				E29175852992B15C00500573 /* UID2ClientError.swift in Sources */,
				E29175832991B74900500573 /* GenerateTokenResponse.swift in Sources */,
				E291757F2991B19F00500573 /* UID2ServerCredentials.swift in Sources */,
			);
			runOnlyForDeploymentPostprocessing = 0;
		};
/* End PBXSourcesBuildPhase section */

/* Begin XCBuildConfiguration section */
		E2E19009298833A600FFE8C3 /* Debug */ = {
			isa = XCBuildConfiguration;
			buildSettings = {
				ALWAYS_SEARCH_USER_PATHS = NO;
				CLANG_ANALYZER_NONNULL = YES;
				CLANG_ANALYZER_NUMBER_OBJECT_CONVERSION = YES_AGGRESSIVE;
				CLANG_CXX_LANGUAGE_STANDARD = "gnu++20";
				CLANG_ENABLE_MODULES = YES;
				CLANG_ENABLE_OBJC_ARC = YES;
				CLANG_ENABLE_OBJC_WEAK = YES;
				CLANG_WARN_BLOCK_CAPTURE_AUTORELEASING = YES;
				CLANG_WARN_BOOL_CONVERSION = YES;
				CLANG_WARN_COMMA = YES;
				CLANG_WARN_CONSTANT_CONVERSION = YES;
				CLANG_WARN_DEPRECATED_OBJC_IMPLEMENTATIONS = YES;
				CLANG_WARN_DIRECT_OBJC_ISA_USAGE = YES_ERROR;
				CLANG_WARN_DOCUMENTATION_COMMENTS = YES;
				CLANG_WARN_EMPTY_BODY = YES;
				CLANG_WARN_ENUM_CONVERSION = YES;
				CLANG_WARN_INFINITE_RECURSION = YES;
				CLANG_WARN_INT_CONVERSION = YES;
				CLANG_WARN_NON_LITERAL_NULL_CONVERSION = YES;
				CLANG_WARN_OBJC_IMPLICIT_RETAIN_SELF = YES;
				CLANG_WARN_OBJC_LITERAL_CONVERSION = YES;
				CLANG_WARN_OBJC_ROOT_CLASS = YES_ERROR;
				CLANG_WARN_QUOTED_INCLUDE_IN_FRAMEWORK_HEADER = YES;
				CLANG_WARN_RANGE_LOOP_ANALYSIS = YES;
				CLANG_WARN_STRICT_PROTOTYPES = YES;
				CLANG_WARN_SUSPICIOUS_MOVE = YES;
				CLANG_WARN_UNGUARDED_AVAILABILITY = YES_AGGRESSIVE;
				CLANG_WARN_UNREACHABLE_CODE = YES;
				CLANG_WARN__DUPLICATE_METHOD_MATCH = YES;
				COPY_PHASE_STRIP = NO;
				DEBUG_INFORMATION_FORMAT = dwarf;
				ENABLE_STRICT_OBJC_MSGSEND = YES;
				ENABLE_TESTABILITY = YES;
				GCC_C_LANGUAGE_STANDARD = gnu11;
				GCC_DYNAMIC_NO_PIC = NO;
				GCC_NO_COMMON_BLOCKS = YES;
				GCC_OPTIMIZATION_LEVEL = 0;
				GCC_PREPROCESSOR_DEFINITIONS = (
					"DEBUG=1",
					"$(inherited)",
				);
				GCC_WARN_64_TO_32_BIT_CONVERSION = YES;
				GCC_WARN_ABOUT_RETURN_TYPE = YES_ERROR;
				GCC_WARN_UNDECLARED_SELECTOR = YES;
				GCC_WARN_UNINITIALIZED_AUTOS = YES_AGGRESSIVE;
				GCC_WARN_UNUSED_FUNCTION = YES;
				GCC_WARN_UNUSED_VARIABLE = YES;
				IPHONEOS_DEPLOYMENT_TARGET = 16.2;
				MTL_ENABLE_DEBUG_INFO = INCLUDE_SOURCE;
				MTL_FAST_MATH = YES;
				ONLY_ACTIVE_ARCH = YES;
				SDKROOT = iphoneos;
				SWIFT_ACTIVE_COMPILATION_CONDITIONS = DEBUG;
				SWIFT_OPTIMIZATION_LEVEL = "-Onone";
			};
			name = Debug;
		};
		E2E1900A298833A600FFE8C3 /* Release */ = {
			isa = XCBuildConfiguration;
			buildSettings = {
				ALWAYS_SEARCH_USER_PATHS = NO;
				CLANG_ANALYZER_NONNULL = YES;
				CLANG_ANALYZER_NUMBER_OBJECT_CONVERSION = YES_AGGRESSIVE;
				CLANG_CXX_LANGUAGE_STANDARD = "gnu++20";
				CLANG_ENABLE_MODULES = YES;
				CLANG_ENABLE_OBJC_ARC = YES;
				CLANG_ENABLE_OBJC_WEAK = YES;
				CLANG_WARN_BLOCK_CAPTURE_AUTORELEASING = YES;
				CLANG_WARN_BOOL_CONVERSION = YES;
				CLANG_WARN_COMMA = YES;
				CLANG_WARN_CONSTANT_CONVERSION = YES;
				CLANG_WARN_DEPRECATED_OBJC_IMPLEMENTATIONS = YES;
				CLANG_WARN_DIRECT_OBJC_ISA_USAGE = YES_ERROR;
				CLANG_WARN_DOCUMENTATION_COMMENTS = YES;
				CLANG_WARN_EMPTY_BODY = YES;
				CLANG_WARN_ENUM_CONVERSION = YES;
				CLANG_WARN_INFINITE_RECURSION = YES;
				CLANG_WARN_INT_CONVERSION = YES;
				CLANG_WARN_NON_LITERAL_NULL_CONVERSION = YES;
				CLANG_WARN_OBJC_IMPLICIT_RETAIN_SELF = YES;
				CLANG_WARN_OBJC_LITERAL_CONVERSION = YES;
				CLANG_WARN_OBJC_ROOT_CLASS = YES_ERROR;
				CLANG_WARN_QUOTED_INCLUDE_IN_FRAMEWORK_HEADER = YES;
				CLANG_WARN_RANGE_LOOP_ANALYSIS = YES;
				CLANG_WARN_STRICT_PROTOTYPES = YES;
				CLANG_WARN_SUSPICIOUS_MOVE = YES;
				CLANG_WARN_UNGUARDED_AVAILABILITY = YES_AGGRESSIVE;
				CLANG_WARN_UNREACHABLE_CODE = YES;
				CLANG_WARN__DUPLICATE_METHOD_MATCH = YES;
				COPY_PHASE_STRIP = NO;
				DEBUG_INFORMATION_FORMAT = "dwarf-with-dsym";
				ENABLE_NS_ASSERTIONS = NO;
				ENABLE_STRICT_OBJC_MSGSEND = YES;
				GCC_C_LANGUAGE_STANDARD = gnu11;
				GCC_NO_COMMON_BLOCKS = YES;
				GCC_WARN_64_TO_32_BIT_CONVERSION = YES;
				GCC_WARN_ABOUT_RETURN_TYPE = YES_ERROR;
				GCC_WARN_UNDECLARED_SELECTOR = YES;
				GCC_WARN_UNINITIALIZED_AUTOS = YES_AGGRESSIVE;
				GCC_WARN_UNUSED_FUNCTION = YES;
				GCC_WARN_UNUSED_VARIABLE = YES;
				IPHONEOS_DEPLOYMENT_TARGET = 16.2;
				MTL_ENABLE_DEBUG_INFO = NO;
				MTL_FAST_MATH = YES;
				SDKROOT = iphoneos;
				SWIFT_COMPILATION_MODE = wholemodule;
				SWIFT_OPTIMIZATION_LEVEL = "-O";
				VALIDATE_PRODUCT = YES;
			};
			name = Release;
		};
		E2E1900C298833A600FFE8C3 /* Debug */ = {
			isa = XCBuildConfiguration;
			buildSettings = {
				ASSETCATALOG_COMPILER_APPICON_NAME = AppIcon;
				ASSETCATALOG_COMPILER_GLOBAL_ACCENT_COLOR_NAME = AccentColor;
				CODE_SIGN_STYLE = Automatic;
				CURRENT_PROJECT_VERSION = 1;
				DEVELOPMENT_ASSET_PATHS = "\"UID2SDKDevelopmentApp/Preview Content\"";
				DEVELOPMENT_TEAM = 7HDA78784S;
				ENABLE_PREVIEWS = YES;
				GENERATE_INFOPLIST_FILE = YES;
				INFOPLIST_FILE = UID2SDKDevelopmentApp/Info.plist;
				INFOPLIST_KEY_UIApplicationSceneManifest_Generation = YES;
				INFOPLIST_KEY_UIApplicationSupportsIndirectInputEvents = YES;
				INFOPLIST_KEY_UILaunchScreen_Generation = YES;
				INFOPLIST_KEY_UISupportedInterfaceOrientations_iPad = "UIInterfaceOrientationPortrait UIInterfaceOrientationPortraitUpsideDown UIInterfaceOrientationLandscapeLeft UIInterfaceOrientationLandscapeRight";
				INFOPLIST_KEY_UISupportedInterfaceOrientations_iPhone = "UIInterfaceOrientationPortrait UIInterfaceOrientationLandscapeLeft UIInterfaceOrientationLandscapeRight";
				LD_RUNPATH_SEARCH_PATHS = (
					"$(inherited)",
					"@executable_path/Frameworks",
				);
				MARKETING_VERSION = 1.0;
				PRODUCT_BUNDLE_IDENTIFIER = com.myopenpass.UID2SDKDevelopmentApp;
				PRODUCT_NAME = "$(TARGET_NAME)";
				SWIFT_EMIT_LOC_STRINGS = YES;
				SWIFT_VERSION = 5.0;
				TARGETED_DEVICE_FAMILY = "1,2";
			};
			name = Debug;
		};
		E2E1900D298833A600FFE8C3 /* Release */ = {
			isa = XCBuildConfiguration;
			buildSettings = {
				ASSETCATALOG_COMPILER_APPICON_NAME = AppIcon;
				ASSETCATALOG_COMPILER_GLOBAL_ACCENT_COLOR_NAME = AccentColor;
				CODE_SIGN_STYLE = Automatic;
				CURRENT_PROJECT_VERSION = 1;
				DEVELOPMENT_ASSET_PATHS = "\"UID2SDKDevelopmentApp/Preview Content\"";
				DEVELOPMENT_TEAM = 7HDA78784S;
				ENABLE_PREVIEWS = YES;
				GENERATE_INFOPLIST_FILE = YES;
				INFOPLIST_FILE = UID2SDKDevelopmentApp/Info.plist;
				INFOPLIST_KEY_UIApplicationSceneManifest_Generation = YES;
				INFOPLIST_KEY_UIApplicationSupportsIndirectInputEvents = YES;
				INFOPLIST_KEY_UILaunchScreen_Generation = YES;
				INFOPLIST_KEY_UISupportedInterfaceOrientations_iPad = "UIInterfaceOrientationPortrait UIInterfaceOrientationPortraitUpsideDown UIInterfaceOrientationLandscapeLeft UIInterfaceOrientationLandscapeRight";
				INFOPLIST_KEY_UISupportedInterfaceOrientations_iPhone = "UIInterfaceOrientationPortrait UIInterfaceOrientationLandscapeLeft UIInterfaceOrientationLandscapeRight";
				LD_RUNPATH_SEARCH_PATHS = (
					"$(inherited)",
					"@executable_path/Frameworks",
				);
				MARKETING_VERSION = 1.0;
				PRODUCT_BUNDLE_IDENTIFIER = com.myopenpass.UID2SDKDevelopmentApp;
				PRODUCT_NAME = "$(TARGET_NAME)";
				SWIFT_EMIT_LOC_STRINGS = YES;
				SWIFT_VERSION = 5.0;
				TARGETED_DEVICE_FAMILY = "1,2";
			};
			name = Release;
		};
/* End XCBuildConfiguration section */

/* Begin XCConfigurationList section */
		E2E18FF8298833A400FFE8C3 /* Build configuration list for PBXProject "UID2SDKDevelopmentApp" */ = {
			isa = XCConfigurationList;
			buildConfigurations = (
				E2E19009298833A600FFE8C3 /* Debug */,
				E2E1900A298833A600FFE8C3 /* Release */,
			);
			defaultConfigurationIsVisible = 0;
			defaultConfigurationName = Release;
		};
		E2E1900B298833A600FFE8C3 /* Build configuration list for PBXNativeTarget "UID2SDKDevelopmentApp" */ = {
			isa = XCConfigurationList;
			buildConfigurations = (
				E2E1900C298833A600FFE8C3 /* Debug */,
				E2E1900D298833A600FFE8C3 /* Release */,
			);
			defaultConfigurationIsVisible = 0;
			defaultConfigurationName = Release;
		};
/* End XCConfigurationList section */

/* Begin XCSwiftPackageProductDependency section */
		E2E190112988359000FFE8C3 /* UID2 */ = {
			isa = XCSwiftPackageProductDependency;
			productName = UID2;
		};
/* End XCSwiftPackageProductDependency section */
	};
	rootObject = E2E18FF5298833A400FFE8C3 /* Project object */;
}
