{
  "originHash" : "feea1df358239d89db2a6299d8075eb59f31070248bd5808bb859af7411458bd",
  "pins" : [
    {
      "identity" : "swift-asn1",
      "kind" : "remoteSourceControl",
      "location" : "https://github.com/apple/swift-asn1.git",
      "state" : {
        "revision" : "a54383ada6cecde007d374f58f864e29370ba5c3",
        "version" : "1.3.2"
      }
    }
  ],
  "version" : 3
}
